
Microsoft Visual Studio Solution File, Format Version 12.00
# Visual Studio Version 17
VisualStudioVersion = 17.3.32825.248
MinimumVisualStudioVersion = 10.0.40219.1
Project("{FAE04EC0-301F-11D3-BF4B-00C04F79EFBC}") = "List assignment", "List assignment.csproj", "{0165ABDE-003C-44F7-B2D4-81A86B3C0B64}"
EndProject
Global
	GlobalSection(SolutionConfigurationPlatforms) = preSolution
		Debug|Any CPU = Debug|Any CPU
		Release|Any CPU = Release|Any CPU
	EndGlobalSection
	GlobalSection(ProjectConfigurationPlatforms) = postSolution
		{0165ABDE-003C-44F7-B2D4-81A86B3C0B64}.Debug|Any CPU.ActiveCfg = Debug|Any CPU
		{0165ABDE-003C-44F7-B2D4-81A86B3C0B64}.Debug|Any CPU.Build.0 = Debug|Any CPU
		{0165ABDE-003C-44F7-B2D4-81A86B3C0B64}.Release|Any CPU.ActiveCfg = Release|Any CPU
		{0165ABDE-003C-44F7-B2D4-81A86B3C0B64}.Release|Any CPU.Build.0 = Release|Any CPU
	EndGlobalSection
	GlobalSection(SolutionProperties) = preSolution
		HideSolutionNode = FALSE
	EndGlobalSection
	GlobalSection(ExtensibilityGlobals) = postSolution
		SolutionGuid = {43255943-D0BD-4C71-AC3B-48BED404A6A2}
	EndGlobalSection
EndGlobal
